
Microsoft Visual Studio Solution File, Format Version 12.00
# Visual Studio Version 17
VisualStudioVersion = 17.1.32328.378
MinimumVisualStudioVersion = 10.0.40219.1
Project("{2150E333-8FDC-42A3-9474-1A3956D46DE8}") = "01-HelloWorld", "01-HelloWorld", "{8CB619ED-A01B-4CB6-BA63-2E10B4E98BD6}"
EndProject
Project("{9A19103F-16F7-4668-BE54-9A1E7A4F7556}") = "Sample.Common", "Sample.Common\Sample.Common.csproj", "{FB405D30-5539-4886-B7BB-6C583C0C24B0}"
EndProject
Project("{9A19103F-16F7-4668-BE54-9A1E7A4F7556}") = "HelloWorld.Producer", "01-HelloWorld\HelloWorld.Producer\HelloWorld.Producer.csproj", "{8C20643B-1D52-4FFD-BA4D-30977F84D7A6}"
EndProject
Project("{9A19103F-16F7-4668-BE54-9A1E7A4F7556}") = "HelloWorld.Consumer", "01-HelloWorld\HelloWorld.Consumer\HelloWorld.Consumer.csproj", "{01F641CD-DA98-4859-A3EC-6A398D1961E7}"
EndProject
Project("{2150E333-8FDC-42A3-9474-1A3956D46DE8}") = "02-WorkQueues", "02-WorkQueues", "{29C80B87-23A5-4C67-8F69-6552504FE8EB}"
EndProject
Project("{9A19103F-16F7-4668-BE54-9A1E7A4F7556}") = "WorkQueues.Producer", "02-WorkQueues\WorkQueues.Producer\WorkQueues.Producer.csproj", "{DF4868A1-C012-47BB-8290-FFA1D6096554}"
EndProject
Project("{9A19103F-16F7-4668-BE54-9A1E7A4F7556}") = "WorkQueues.Consumer", "02-WorkQueues\WorkQueues.Consumer\WorkQueues.Consumer.csproj", "{4D5DCACE-6BC8-47E3-81F6-27A2728844F0}"
EndProject
Project("{2150E333-8FDC-42A3-9474-1A3956D46DE8}") = "03-PublishSubscribe", "03-PublishSubscribe", "{11475559-D12C-43FC-A581-020A4C764255}"
EndProject
Project("{9A19103F-16F7-4668-BE54-9A1E7A4F7556}") = "PublishSubscribe.Producer", "03-PublishSubscribe\PublishSubscribe.Producer\PublishSubscribe.Producer.csproj", "{BB39925A-38C9-4E0D-A0ED-D159631543EC}"
EndProject
Project("{9A19103F-16F7-4668-BE54-9A1E7A4F7556}") = "PublishSubscribe.Consumer", "03-PublishSubscribe\PublishSubscribe.Consumer\PublishSubscribe.Consumer.csproj", "{7EE758D8-E9CA-4961-8E4B-74542D5E1091}"
EndProject
Project("{2150E333-8FDC-42A3-9474-1A3956D46DE8}") = "04-Routing", "04-Routing", "{9F1BB550-F0A8-4CB4-9340-40A563948BF7}"
EndProject
Project("{9A19103F-16F7-4668-BE54-9A1E7A4F7556}") = "Routing.Producer", "04-Routing\Routing.Producer\Routing.Producer.csproj", "{87F64033-CA9C-4615-84A0-194C414F033C}"
EndProject
Project("{9A19103F-16F7-4668-BE54-9A1E7A4F7556}") = "Routing.Consumer", "04-Routing\Routing.Consumer\Routing.Consumer.csproj", "{DF0DF13E-1B15-4BAC-94B6-EAA0D4C9FFC0}"
EndProject
Project("{2150E333-8FDC-42A3-9474-1A3956D46DE8}") = "05-Topics", "05-Topics", "{FF1DB53E-0889-4C27-91F9-8390FF270EC3}"
EndProject
Project("{9A19103F-16F7-4668-BE54-9A1E7A4F7556}") = "Topics.Producer", "05-Topics\Topics.Producer\Topics.Producer.csproj", "{A6EF898C-7BBD-4E2E-B0F2-ABD7BD2C5909}"
EndProject
Project("{9A19103F-16F7-4668-BE54-9A1E7A4F7556}") = "Topics.Consumer", "05-Topics\Topics.Consumer\Topics.Consumer.csproj", "{5255FB2C-A848-4C2A-8226-DC83B46F9E94}"
EndProject
Project("{2150E333-8FDC-42A3-9474-1A3956D46DE8}") = "06-RPC", "06-RPC", "{FDA25A0B-AB40-4292-B426-1F7F38EEB66B}"
EndProject
Project("{9A19103F-16F7-4668-BE54-9A1E7A4F7556}") = "Rpc.Server", "06-RPC\Rpc.Server\Rpc.Server.csproj", "{DAB1BC34-1C13-4D8F-ADB0-C2DB870579F3}"
EndProject
Project("{9A19103F-16F7-4668-BE54-9A1E7A4F7556}") = "Rpc.Client", "06-RPC\Rpc.Client\Rpc.Client.csproj", "{C0289B34-48E0-4E29-8AD7-F2D34718689C}"
EndProject
Project("{2150E333-8FDC-42A3-9474-1A3956D46DE8}") = "07-PublisherConfirms", "07-PublisherConfirms", "{B410677F-0481-4BD6-B43C-A29A8823E69E}"
EndProject
Project("{FAE04EC0-301F-11D3-BF4B-00C04F79EFBC}") = "PublisherConfirms", "07-PublisherConfirms\PublisherConfirms\PublisherConfirms.csproj", "{07D3DBED-D7E3-4894-B480-261FF0B08FE1}"
EndProject
Global
	GlobalSection(SolutionConfigurationPlatforms) = preSolution
		Debug|Any CPU = Debug|Any CPU
		Release|Any CPU = Release|Any CPU
	EndGlobalSection
	GlobalSection(ProjectConfigurationPlatforms) = postSolution
		{FB405D30-5539-4886-B7BB-6C583C0C24B0}.Debug|Any CPU.ActiveCfg = Debug|Any CPU
		{FB405D30-5539-4886-B7BB-6C583C0C24B0}.Debug|Any CPU.Build.0 = Debug|Any CPU
		{FB405D30-5539-4886-B7BB-6C583C0C24B0}.Release|Any CPU.ActiveCfg = Release|Any CPU
		{FB405D30-5539-4886-B7BB-6C583C0C24B0}.Release|Any CPU.Build.0 = Release|Any CPU
		{8C20643B-1D52-4FFD-BA4D-30977F84D7A6}.Debug|Any CPU.ActiveCfg = Debug|Any CPU
		{8C20643B-1D52-4FFD-BA4D-30977F84D7A6}.Debug|Any CPU.Build.0 = Debug|Any CPU
		{8C20643B-1D52-4FFD-BA4D-30977F84D7A6}.Release|Any CPU.ActiveCfg = Release|Any CPU
		{8C20643B-1D52-4FFD-BA4D-30977F84D7A6}.Release|Any CPU.Build.0 = Release|Any CPU
		{01F641CD-DA98-4859-A3EC-6A398D1961E7}.Debug|Any CPU.ActiveCfg = Debug|Any CPU
		{01F641CD-DA98-4859-A3EC-6A398D1961E7}.Debug|Any CPU.Build.0 = Debug|Any CPU
		{01F641CD-DA98-4859-A3EC-6A398D1961E7}.Release|Any CPU.ActiveCfg = Release|Any CPU
		{01F641CD-DA98-4859-A3EC-6A398D1961E7}.Release|Any CPU.Build.0 = Release|Any CPU
		{DF4868A1-C012-47BB-8290-FFA1D6096554}.Debug|Any CPU.ActiveCfg = Debug|Any CPU
		{DF4868A1-C012-47BB-8290-FFA1D6096554}.Debug|Any CPU.Build.0 = Debug|Any CPU
		{DF4868A1-C012-47BB-8290-FFA1D6096554}.Release|Any CPU.ActiveCfg = Release|Any CPU
		{DF4868A1-C012-47BB-8290-FFA1D6096554}.Release|Any CPU.Build.0 = Release|Any CPU
		{4D5DCACE-6BC8-47E3-81F6-27A2728844F0}.Debug|Any CPU.ActiveCfg = Debug|Any CPU
		{4D5DCACE-6BC8-47E3-81F6-27A2728844F0}.Debug|Any CPU.Build.0 = Debug|Any CPU
		{4D5DCACE-6BC8-47E3-81F6-27A2728844F0}.Release|Any CPU.ActiveCfg = Release|Any CPU
		{4D5DCACE-6BC8-47E3-81F6-27A2728844F0}.Release|Any CPU.Build.0 = Release|Any CPU
		{BB39925A-38C9-4E0D-A0ED-D159631543EC}.Debug|Any CPU.ActiveCfg = Debug|Any CPU
		{BB39925A-38C9-4E0D-A0ED-D159631543EC}.Debug|Any CPU.Build.0 = Debug|Any CPU
		{BB39925A-38C9-4E0D-A0ED-D159631543EC}.Release|Any CPU.ActiveCfg = Release|Any CPU
		{BB39925A-38C9-4E0D-A0ED-D159631543EC}.Release|Any CPU.Build.0 = Release|Any CPU
		{7EE758D8-E9CA-4961-8E4B-74542D5E1091}.Debug|Any CPU.ActiveCfg = Debug|Any CPU
		{7EE758D8-E9CA-4961-8E4B-74542D5E1091}.Debug|Any CPU.Build.0 = Debug|Any CPU
		{7EE758D8-E9CA-4961-8E4B-74542D5E1091}.Release|Any CPU.ActiveCfg = Release|Any CPU
		{7EE758D8-E9CA-4961-8E4B-74542D5E1091}.Release|Any CPU.Build.0 = Release|Any CPU
		{87F64033-CA9C-4615-84A0-194C414F033C}.Debug|Any CPU.ActiveCfg = Debug|Any CPU
		{87F64033-CA9C-4615-84A0-194C414F033C}.Debug|Any CPU.Build.0 = Debug|Any CPU
		{87F64033-CA9C-4615-84A0-194C414F033C}.Release|Any CPU.ActiveCfg = Release|Any CPU
		{87F64033-CA9C-4615-84A0-194C414F033C}.Release|Any CPU.Build.0 = Release|Any CPU
		{DF0DF13E-1B15-4BAC-94B6-EAA0D4C9FFC0}.Debug|Any CPU.ActiveCfg = Debug|Any CPU
		{DF0DF13E-1B15-4BAC-94B6-EAA0D4C9FFC0}.Debug|Any CPU.Build.0 = Debug|Any CPU
		{DF0DF13E-1B15-4BAC-94B6-EAA0D4C9FFC0}.Release|Any CPU.ActiveCfg = Release|Any CPU
		{DF0DF13E-1B15-4BAC-94B6-EAA0D4C9FFC0}.Release|Any CPU.Build.0 = Release|Any CPU
		{A6EF898C-7BBD-4E2E-B0F2-ABD7BD2C5909}.Debug|Any CPU.ActiveCfg = Debug|Any CPU
		{A6EF898C-7BBD-4E2E-B0F2-ABD7BD2C5909}.Debug|Any CPU.Build.0 = Debug|Any CPU
		{A6EF898C-7BBD-4E2E-B0F2-ABD7BD2C5909}.Release|Any CPU.ActiveCfg = Release|Any CPU
		{A6EF898C-7BBD-4E2E-B0F2-ABD7BD2C5909}.Release|Any CPU.Build.0 = Release|Any CPU
		{5255FB2C-A848-4C2A-8226-DC83B46F9E94}.Debug|Any CPU.ActiveCfg = Debug|Any CPU
		{5255FB2C-A848-4C2A-8226-DC83B46F9E94}.Debug|Any CPU.Build.0 = Debug|Any CPU
		{5255FB2C-A848-4C2A-8226-DC83B46F9E94}.Release|Any CPU.ActiveCfg = Release|Any CPU
		{5255FB2C-A848-4C2A-8226-DC83B46F9E94}.Release|Any CPU.Build.0 = Release|Any CPU
		{DAB1BC34-1C13-4D8F-ADB0-C2DB870579F3}.Debug|Any CPU.ActiveCfg = Debug|Any CPU
		{DAB1BC34-1C13-4D8F-ADB0-C2DB870579F3}.Debug|Any CPU.Build.0 = Debug|Any CPU
		{DAB1BC34-1C13-4D8F-ADB0-C2DB870579F3}.Release|Any CPU.ActiveCfg = Release|Any CPU
		{DAB1BC34-1C13-4D8F-ADB0-C2DB870579F3}.Release|Any CPU.Build.0 = Release|Any CPU
		{C0289B34-48E0-4E29-8AD7-F2D34718689C}.Debug|Any CPU.ActiveCfg = Debug|Any CPU
		{C0289B34-48E0-4E29-8AD7-F2D34718689C}.Debug|Any CPU.Build.0 = Debug|Any CPU
		{C0289B34-48E0-4E29-8AD7-F2D34718689C}.Release|Any CPU.ActiveCfg = Release|Any CPU
		{C0289B34-48E0-4E29-8AD7-F2D34718689C}.Release|Any CPU.Build.0 = Release|Any CPU
		{07D3DBED-D7E3-4894-B480-261FF0B08FE1}.Debug|Any CPU.ActiveCfg = Debug|Any CPU
		{07D3DBED-D7E3-4894-B480-261FF0B08FE1}.Debug|Any CPU.Build.0 = Debug|Any CPU
		{07D3DBED-D7E3-4894-B480-261FF0B08FE1}.Release|Any CPU.ActiveCfg = Release|Any CPU
		{07D3DBED-D7E3-4894-B480-261FF0B08FE1}.Release|Any CPU.Build.0 = Release|Any CPU
	EndGlobalSection
	GlobalSection(SolutionProperties) = preSolution
		HideSolutionNode = FALSE
	EndGlobalSection
	GlobalSection(NestedProjects) = preSolution
		{8C20643B-1D52-4FFD-BA4D-30977F84D7A6} = {8CB619ED-A01B-4CB6-BA63-2E10B4E98BD6}
		{01F641CD-DA98-4859-A3EC-6A398D1961E7} = {8CB619ED-A01B-4CB6-BA63-2E10B4E98BD6}
		{DF4868A1-C012-47BB-8290-FFA1D6096554} = {29C80B87-23A5-4C67-8F69-6552504FE8EB}
		{4D5DCACE-6BC8-47E3-81F6-27A2728844F0} = {29C80B87-23A5-4C67-8F69-6552504FE8EB}
		{BB39925A-38C9-4E0D-A0ED-D159631543EC} = {11475559-D12C-43FC-A581-020A4C764255}
		{7EE758D8-E9CA-4961-8E4B-74542D5E1091} = {11475559-D12C-43FC-A581-020A4C764255}
		{87F64033-CA9C-4615-84A0-194C414F033C} = {9F1BB550-F0A8-4CB4-9340-40A563948BF7}
		{DF0DF13E-1B15-4BAC-94B6-EAA0D4C9FFC0} = {9F1BB550-F0A8-4CB4-9340-40A563948BF7}
		{A6EF898C-7BBD-4E2E-B0F2-ABD7BD2C5909} = {FF1DB53E-0889-4C27-91F9-8390FF270EC3}
		{5255FB2C-A848-4C2A-8226-DC83B46F9E94} = {FF1DB53E-0889-4C27-91F9-8390FF270EC3}
		{DAB1BC34-1C13-4D8F-ADB0-C2DB870579F3} = {FDA25A0B-AB40-4292-B426-1F7F38EEB66B}
		{C0289B34-48E0-4E29-8AD7-F2D34718689C} = {FDA25A0B-AB40-4292-B426-1F7F38EEB66B}
		{07D3DBED-D7E3-4894-B480-261FF0B08FE1} = {B410677F-0481-4BD6-B43C-A29A8823E69E}
	EndGlobalSection
	GlobalSection(ExtensibilityGlobals) = postSolution
		SolutionGuid = {FB291F6A-0939-4FCD-8CE9-E101547FF360}
	EndGlobalSection
EndGlobal
